
Microsoft Visual Studio Solution File, Format Version 12.00
# Visual Studio Version 16
VisualStudioVersion = 16.0.29806.167
MinimumVisualStudioVersion = 10.0.40219.1
Project("{FAE04EC0-301F-11D3-BF4B-00C04F79EFBC}") = "SmarLamp.Android", "SmarLamp\SmarLamp.Android\SmarLamp.Android.csproj", "{DC747A18-A473-454C-AAE7-CFE03398EA51}"
EndProject
Project("{9A19103F-16F7-4668-BE54-9A1E7A4F7556}") = "SmarLamp", "SmarLamp\SmarLamp\SmarLamp.csproj", "{AC3E4729-A284-4480-A695-8B057B67B3D7}"
EndProject
Global
	GlobalSection(SolutionConfigurationPlatforms) = preSolution
		Debug|Any CPU = Debug|Any CPU
		Release|Any CPU = Release|Any CPU
	EndGlobalSection
	GlobalSection(ProjectConfigurationPlatforms) = postSolution
		{DC747A18-A473-454C-AAE7-CFE03398EA51}.Debug|Any CPU.ActiveCfg = Debug|Any CPU
		{DC747A18-A473-454C-AAE7-CFE03398EA51}.Debug|Any CPU.Build.0 = Debug|Any CPU
		{DC747A18-A473-454C-AAE7-CFE03398EA51}.Debug|Any CPU.Deploy.0 = Debug|Any CPU
		{DC747A18-A473-454C-AAE7-CFE03398EA51}.Release|Any CPU.ActiveCfg = Release|Any CPU
		{DC747A18-A473-454C-AAE7-CFE03398EA51}.Release|Any CPU.Build.0 = Release|Any CPU
		{DC747A18-A473-454C-AAE7-CFE03398EA51}.Release|Any CPU.Deploy.0 = Release|Any CPU
		{AC3E4729-A284-4480-A695-8B057B67B3D7}.Debug|Any CPU.ActiveCfg = Debug|Any CPU
		{AC3E4729-A284-4480-A695-8B057B67B3D7}.Debug|Any CPU.Build.0 = Debug|Any CPU
		{AC3E4729-A284-4480-A695-8B057B67B3D7}.Debug|Any CPU.Deploy.0 = Debug|Any CPU
		{AC3E4729-A284-4480-A695-8B057B67B3D7}.Release|Any CPU.ActiveCfg = Release|Any CPU
		{AC3E4729-A284-4480-A695-8B057B67B3D7}.Release|Any CPU.Build.0 = Release|Any CPU
		{AC3E4729-A284-4480-A695-8B057B67B3D7}.Release|Any CPU.Deploy.0 = Release|Any CPU
	EndGlobalSection
	GlobalSection(SolutionProperties) = preSolution
		HideSolutionNode = FALSE
	EndGlobalSection
	GlobalSection(ExtensibilityGlobals) = postSolution
		SolutionGuid = {52245A99-F3D0-43B8-B346-3392383BF865}
	EndGlobalSection
EndGlobal
